
Microsoft Visual Studio Solution File, Format Version 12.00
# Visual Studio Version 17
VisualStudioVersion = 17.4.33205.214
MinimumVisualStudioVersion = 10.0.40219.1
Project("{9A19103F-16F7-4668-BE54-9A1E7A4F7556}") = "CatInfo", "CatInfo\CatInfo.csproj", "{A33864C1-9FFC-441B-AA75-12E58F983D88}"
EndProject
Global
	GlobalSection(SolutionConfigurationPlatforms) = preSolution
		Debug|Any CPU = Debug|Any CPU
		Release|Any CPU = Release|Any CPU
		Thunderstore|Any CPU = Thunderstore|Any CPU
	EndGlobalSection
	GlobalSection(ProjectConfigurationPlatforms) = postSolution
		{A33864C1-9FFC-441B-AA75-12E58F983D88}.Debug|Any CPU.ActiveCfg = Debug|Any CPU
		{A33864C1-9FFC-441B-AA75-12E58F983D88}.Debug|Any CPU.Build.0 = Debug|Any CPU
		{A33864C1-9FFC-441B-AA75-12E58F983D88}.Release|Any CPU.ActiveCfg = Release|Any CPU
		{A33864C1-9FFC-441B-AA75-12E58F983D88}.Release|Any CPU.Build.0 = Release|Any CPU
		{A33864C1-9FFC-441B-AA75-12E58F983D88}.Thunderstore|Any CPU.ActiveCfg = Debug|Any CPU
		{A33864C1-9FFC-441B-AA75-12E58F983D88}.Thunderstore|Any CPU.Build.0 = Debug|Any CPU
	EndGlobalSection
	GlobalSection(SolutionProperties) = preSolution
		HideSolutionNode = FALSE
	EndGlobalSection
	GlobalSection(ExtensibilityGlobals) = postSolution
		SolutionGuid = {35A4F3D5-CE5E-48F8-B486-6F8B35FA7900}
	EndGlobalSection
EndGlobal
